# @generated - this file is auto-generated by `mise lock` https://mise.jdx.dev/dev-tools/mise-lock.html

[[tools.actionlint]]
version = "1.7.11"
backend = "aqua:rhysd/actionlint"

[tools.actionlint."platforms.linux-arm64"]
checksum = "sha256:21bc0dfb57a913fe175298c2a9e906ee630f747cb66d0a934d0d4b69f4ee1235"
url = "https://github.com/rhysd/actionlint/releases/download/v1.7.11/actionlint_1.7.11_linux_arm64.tar.gz"
provenance = "github-attestations"

[tools.actionlint."platforms.linux-arm64-musl"]
checksum = "sha256:21bc0dfb57a913fe175298c2a9e906ee630f747cb66d0a934d0d4b69f4ee1235"
url = "https://github.com/rhysd/actionlint/releases/download/v1.7.11/actionlint_1.7.11_linux_arm64.tar.gz"

[tools.actionlint."platforms.linux-x64"]
checksum = "sha256:900919a84f2229bac68ca9cd4103ea297abc35e9689ebb842c6e34a3d1b01b0a"
url = "https://github.com/rhysd/actionlint/releases/download/v1.7.11/actionlint_1.7.11_linux_amd64.tar.gz"

[tools.actionlint."platforms.linux-x64-musl"]
checksum = "sha256:900919a84f2229bac68ca9cd4103ea297abc35e9689ebb842c6e34a3d1b01b0a"
url = "https://github.com/rhysd/actionlint/releases/download/v1.7.11/actionlint_1.7.11_linux_amd64.tar.gz"

[tools.actionlint."platforms.macos-arm64"]
checksum = "sha256:a21ba7366d8329e7223faee0ed69eb13da27fe8acabb356bb7eb0b7f1e1cb6d8"
url = "https://github.com/rhysd/actionlint/releases/download/v1.7.11/actionlint_1.7.11_darwin_arm64.tar.gz"

[tools.actionlint."platforms.macos-x64"]
checksum = "sha256:17ffc17fed8f0258ef6ad4aed932d3272464c7ef7d64e1cb0d65aa97c9752107"
url = "https://github.com/rhysd/actionlint/releases/download/v1.7.11/actionlint_1.7.11_darwin_amd64.tar.gz"

[tools.actionlint."platforms.windows-x64"]
checksum = "sha256:5414b7124a91f4b5abee62e5c9d84802237734f8d15b9b7032732a32c3ebffa3"
url = "https://github.com/rhysd/actionlint/releases/download/v1.7.11/actionlint_1.7.11_windows_amd64.zip"

[[tools."aqua:a-h/templ"]]
version = "0.3.1001"
backend = "aqua:a-h/templ"

[tools."aqua:a-h/templ"."platforms.linux-arm64"]
checksum = "sha256:236de54408f96edfae30c9d1dc1924b7baa15b22767c24b864670be1e67db699"
url = "https://github.com/a-h/templ/releases/download/v0.3.1001/templ_Linux_arm64.tar.gz"

[tools."aqua:a-h/templ"."platforms.linux-arm64-musl"]
checksum = "sha256:236de54408f96edfae30c9d1dc1924b7baa15b22767c24b864670be1e67db699"
url = "https://github.com/a-h/templ/releases/download/v0.3.1001/templ_Linux_arm64.tar.gz"

[tools."aqua:a-h/templ"."platforms.linux-x64"]
checksum = "sha256:30ad2671c8b0a475bd2fbb9f521909869fe4c2693d2f4d90682b12c83de9fe1c"
url = "https://github.com/a-h/templ/releases/download/v0.3.1001/templ_Linux_x86_64.tar.gz"

[tools."aqua:a-h/templ"."platforms.linux-x64-musl"]
checksum = "sha256:30ad2671c8b0a475bd2fbb9f521909869fe4c2693d2f4d90682b12c83de9fe1c"
url = "https://github.com/a-h/templ/releases/download/v0.3.1001/templ_Linux_x86_64.tar.gz"

[tools."aqua:a-h/templ"."platforms.macos-arm64"]
checksum = "sha256:5720783995ac5a644bb9aef2eb73280d5eea9969cdf12f9a83f77f5abdc89305"
url = "https://github.com/a-h/templ/releases/download/v0.3.1001/templ_Darwin_arm64.tar.gz"

[tools."aqua:a-h/templ"."platforms.macos-x64"]
checksum = "sha256:83ad9a4578bba48a27cf6fd129816beeceb37a4adfc28352be773d5d04d942aa"
url = "https://github.com/a-h/templ/releases/download/v0.3.1001/templ_Darwin_x86_64.tar.gz"

[tools."aqua:a-h/templ"."platforms.windows-x64"]
checksum = "sha256:d48ca193b9a25ee8232fb6f520721e55eba81e2b7978c817158380d9355b5e4d"
url = "https://github.com/a-h/templ/releases/download/v0.3.1001/templ_Windows_x86_64.tar.gz"

[[tools.dbmate]]
version = "2.32.0"
backend = "aqua:amacneil/dbmate"

[tools.dbmate."platforms.linux-arm64"]
checksum = "sha256:ca1a30f52835600b27e43dfb9b3610e7d84ef8802c53821756f3c2de1fc667a0"
url = "https://github.com/amacneil/dbmate/releases/download/v2.32.0/dbmate-linux-arm64"

[tools.dbmate."platforms.linux-arm64-musl"]
checksum = "sha256:ca1a30f52835600b27e43dfb9b3610e7d84ef8802c53821756f3c2de1fc667a0"
url = "https://github.com/amacneil/dbmate/releases/download/v2.32.0/dbmate-linux-arm64"

[tools.dbmate."platforms.linux-x64"]
checksum = "sha256:3b92413ef9b7d9b86981a39f8d0dbbaf03e0a07fc8db256480db6ab55915a787"
url = "https://github.com/amacneil/dbmate/releases/download/v2.32.0/dbmate-linux-amd64"

[tools.dbmate."platforms.linux-x64-musl"]
checksum = "sha256:3b92413ef9b7d9b86981a39f8d0dbbaf03e0a07fc8db256480db6ab55915a787"
url = "https://github.com/amacneil/dbmate/releases/download/v2.32.0/dbmate-linux-amd64"

[tools.dbmate."platforms.macos-arm64"]
checksum = "sha256:fb1883c998281fb226a05a017e6af8d39edfe685fb4c9cbc75d68a4eac8dda96"
url = "https://github.com/amacneil/dbmate/releases/download/v2.32.0/dbmate-macos-arm64"

[tools.dbmate."platforms.macos-x64"]
checksum = "sha256:1ca0bcbec0a79079dc9648a4b4736b4b663164adf559829f1561f28f0f8a7baf"
url = "https://github.com/amacneil/dbmate/releases/download/v2.32.0/dbmate-macos-amd64"

[tools.dbmate."platforms.windows-x64"]
checksum = "sha256:d1da48936e1c0fb911a2dc1e069014bfe755d307f0e79c099e3decf4758e77e1"
url = "https://github.com/amacneil/dbmate/releases/download/v2.32.0/dbmate-windows-amd64.exe"

[[tools.gh]]
version = "2.89.0"
backend = "aqua:cli/cli"

[tools.gh."platforms.linux-arm64"]
checksum = "sha256:9e64a623dfc242990aa5d9b3f507111149c4282f66b68eaad1dc79eeb13b9ce5"
url = "https://github.com/cli/cli/releases/download/v2.89.0/gh_2.89.0_linux_arm64.tar.gz"

[tools.gh."platforms.linux-arm64-musl"]
checksum = "sha256:9e64a623dfc242990aa5d9b3f507111149c4282f66b68eaad1dc79eeb13b9ce5"
url = "https://github.com/cli/cli/releases/download/v2.89.0/gh_2.89.0_linux_arm64.tar.gz"

[tools.gh."platforms.linux-x64"]
checksum = "sha256:d0422caade520530e76c1c558da47daebaa8e1203d6b7ff10ad7d6faba3490d8"
url = "https://github.com/cli/cli/releases/download/v2.89.0/gh_2.89.0_linux_amd64.tar.gz"

[tools.gh."platforms.linux-x64-musl"]
checksum = "sha256:d0422caade520530e76c1c558da47daebaa8e1203d6b7ff10ad7d6faba3490d8"
url = "https://github.com/cli/cli/releases/download/v2.89.0/gh_2.89.0_linux_amd64.tar.gz"

[tools.gh."platforms.macos-arm64"]
checksum = "sha256:2423d02ec0a2094898c378703a1b28a5846c08700f87461363857cb8cb3fda94"
url = "https://github.com/cli/cli/releases/download/v2.89.0/gh_2.89.0_macOS_arm64.zip"

[tools.gh."platforms.macos-x64"]
checksum = "sha256:862e21cac6a71f81e7cd6e5127e3cd344f8537441ad2db94cd208319dd17b6e9"
url = "https://github.com/cli/cli/releases/download/v2.89.0/gh_2.89.0_macOS_amd64.zip"

[tools.gh."platforms.windows-x64"]
checksum = "sha256:f3326f6406c98c99701b257d77e2b040eedf83d0176c2c2e9809aa339ceb467e"
url = "https://github.com/cli/cli/releases/download/v2.89.0/gh_2.89.0_windows_amd64.zip"

[[tools."github:wimpysworld/tailor"]]
version = "0.1.2"
backend = "github:wimpysworld/tailor"

[tools."github:wimpysworld/tailor"."platforms.linux-arm64"]
checksum = "sha256:898aff8cac649a5a0499d76de47c2d450108e87f3711a71c89a5338d59453087"
url = "https://github.com/wimpysworld/tailor/releases/download/v0.1.2/tailor_0.1.2_linux_arm64.pkg.tar.zst"
url_api = "https://api.github.com/repos/wimpysworld/tailor/releases/assets/372478328"

[tools."github:wimpysworld/tailor"."platforms.linux-arm64-musl"]
checksum = "sha256:898aff8cac649a5a0499d76de47c2d450108e87f3711a71c89a5338d59453087"
url = "https://github.com/wimpysworld/tailor/releases/download/v0.1.2/tailor_0.1.2_linux_arm64.pkg.tar.zst"
url_api = "https://api.github.com/repos/wimpysworld/tailor/releases/assets/372478328"

[tools."github:wimpysworld/tailor"."platforms.linux-x64"]
checksum = "sha256:7ea87e85d981c85f0a2709990767160c2177e7406a9f8774cb0572fb511ebcb0"
url = "https://github.com/wimpysworld/tailor/releases/download/v0.1.2/tailor_0.1.2_linux_amd64.pkg.tar.zst"
url_api = "https://api.github.com/repos/wimpysworld/tailor/releases/assets/372478329"

[tools."github:wimpysworld/tailor"."platforms.linux-x64-musl"]
checksum = "sha256:7ea87e85d981c85f0a2709990767160c2177e7406a9f8774cb0572fb511ebcb0"
url = "https://github.com/wimpysworld/tailor/releases/download/v0.1.2/tailor_0.1.2_linux_amd64.pkg.tar.zst"
url_api = "https://api.github.com/repos/wimpysworld/tailor/releases/assets/372478329"

[tools."github:wimpysworld/tailor"."platforms.macos-arm64"]
checksum = "sha256:8b0c560699efaf093a51962eb09ce7ffacedfcf35a958732ca316a5111bbc2df"
url = "https://github.com/wimpysworld/tailor/releases/download/v0.1.2/tailor_0.1.2_darwin_arm64.tar.gz"
url_api = "https://api.github.com/repos/wimpysworld/tailor/releases/assets/372478289"

[tools."github:wimpysworld/tailor"."platforms.macos-x64"]
checksum = "sha256:1d59d44070321d650adcf8f893c4326dc1fd182d4efe4729f7668e6c573a377a"
url = "https://github.com/wimpysworld/tailor/releases/download/v0.1.2/tailor_0.1.2_darwin_amd64.tar.gz"
url_api = "https://api.github.com/repos/wimpysworld/tailor/releases/assets/372478303"

[[tools.go]]
version = "1.26.1"
backend = "core:go"

[tools.go."platforms.linux-arm64"]
checksum = "sha256:a290581cfe4fe28ddd737dde3095f3dbeb7f2e4065cab4eae44dfc53b760c2f7"
url = "https://dl.google.com/go/go1.26.1.linux-arm64.tar.gz"

[tools.go."platforms.linux-arm64-musl"]
checksum = "sha256:a290581cfe4fe28ddd737dde3095f3dbeb7f2e4065cab4eae44dfc53b760c2f7"
url = "https://dl.google.com/go/go1.26.1.linux-arm64.tar.gz"

[tools.go."platforms.linux-x64"]
checksum = "sha256:031f088e5d955bab8657ede27ad4e3bc5b7c1ba281f05f245bcc304f327c987a"
url = "https://dl.google.com/go/go1.26.1.linux-amd64.tar.gz"

[tools.go."platforms.linux-x64-musl"]
checksum = "sha256:031f088e5d955bab8657ede27ad4e3bc5b7c1ba281f05f245bcc304f327c987a"
url = "https://dl.google.com/go/go1.26.1.linux-amd64.tar.gz"

[tools.go."platforms.macos-arm64"]
checksum = "sha256:353df43a7811ce284c8938b5f3c7df40b7bfb6f56cb165b150bc40b5e2dd541f"
url = "https://dl.google.com/go/go1.26.1.darwin-arm64.tar.gz"

[tools.go."platforms.macos-x64"]
checksum = "sha256:65773dab2f8cc4cd23d93ba6d0a805de150ca0b78378879292be0b903b8cdd08"
url = "https://dl.google.com/go/go1.26.1.darwin-amd64.tar.gz"

[tools.go."platforms.windows-x64"]
checksum = "sha256:9b68112c913f45b7aebbf13c036721264bbba7e03a642f8f7490c561eebd1ecc"
url = "https://dl.google.com/go/go1.26.1.windows-amd64.zip"

[[tools."go:golang.org/x/vuln/cmd/govulncheck"]]
version = "1.1.4"
backend = "go:golang.org/x/vuln/cmd/govulncheck"

[[tools.golangci-lint-langserver]]
version = "0.0.12"
backend = "aqua:nametake/golangci-lint-langserver"

[tools.golangci-lint-langserver."platforms.linux-arm64"]
checksum = "sha256:4b1b582213978803bb215a36c88c2fbbd14e26bf15e0377c74f04dbe424c1063"
url = "https://github.com/nametake/golangci-lint-langserver/releases/download/v0.0.12/golangci-lint-langserver_Linux_arm64.tar.gz"

[tools.golangci-lint-langserver."platforms.linux-arm64-musl"]
checksum = "sha256:4b1b582213978803bb215a36c88c2fbbd14e26bf15e0377c74f04dbe424c1063"
url = "https://github.com/nametake/golangci-lint-langserver/releases/download/v0.0.12/golangci-lint-langserver_Linux_arm64.tar.gz"

[tools.golangci-lint-langserver."platforms.linux-x64"]
checksum = "sha256:7c4a200f34af3de4188a792ba676994ce5fdb181dd4731e10cd3cc501e722b28"
url = "https://github.com/nametake/golangci-lint-langserver/releases/download/v0.0.12/golangci-lint-langserver_Linux_x86_64.tar.gz"

[tools.golangci-lint-langserver."platforms.linux-x64-musl"]
checksum = "sha256:7c4a200f34af3de4188a792ba676994ce5fdb181dd4731e10cd3cc501e722b28"
url = "https://github.com/nametake/golangci-lint-langserver/releases/download/v0.0.12/golangci-lint-langserver_Linux_x86_64.tar.gz"

[tools.golangci-lint-langserver."platforms.macos-arm64"]
checksum = "sha256:e630712320bcc1c75a1584f2b46a5c7ee7b15e603bb180b8b42c2932302d2a95"
url = "https://github.com/nametake/golangci-lint-langserver/releases/download/v0.0.12/golangci-lint-langserver_Darwin_arm64.tar.gz"

[tools.golangci-lint-langserver."platforms.macos-x64"]
checksum = "sha256:3ba8589115bb1b0d5df70f8139d774120830bf9dc9f716b60f5e0fb3269c504f"
url = "https://github.com/nametake/golangci-lint-langserver/releases/download/v0.0.12/golangci-lint-langserver_Darwin_x86_64.tar.gz"

[tools.golangci-lint-langserver."platforms.windows-x64"]
checksum = "sha256:39b900b6b18bdc0328a9a58539af2bfc0bdaad9c2f217c1afa7921717d11e4d6"
url = "https://github.com/nametake/golangci-lint-langserver/releases/download/v0.0.12/golangci-lint-langserver_Windows_x86_64.zip"

[[tools.goreleaser]]
version = "2.14.3"
backend = "aqua:goreleaser/goreleaser"

[tools.goreleaser."platforms.linux-arm64"]
checksum = "sha256:581a10e53c1176b3e81ee45cf531e02dbf899db0bc7b795669347df4276ce948"
url = "https://github.com/goreleaser/goreleaser/releases/download/v2.14.3/goreleaser_Linux_arm64.tar.gz"
provenance = "github-attestations"

[tools.goreleaser."platforms.linux-arm64-musl"]
checksum = "sha256:581a10e53c1176b3e81ee45cf531e02dbf899db0bc7b795669347df4276ce948"
url = "https://github.com/goreleaser/goreleaser/releases/download/v2.14.3/goreleaser_Linux_arm64.tar.gz"
provenance = "cosign"

[tools.goreleaser."platforms.linux-x64"]
checksum = "sha256:dc7faeeeb6da8bdfda788626263a4ae725892a8c7504b975c3234127d4a44579"
url = "https://github.com/goreleaser/goreleaser/releases/download/v2.14.3/goreleaser_Linux_x86_64.tar.gz"
provenance = "cosign"

[tools.goreleaser."platforms.linux-x64-musl"]
checksum = "sha256:dc7faeeeb6da8bdfda788626263a4ae725892a8c7504b975c3234127d4a44579"
url = "https://github.com/goreleaser/goreleaser/releases/download/v2.14.3/goreleaser_Linux_x86_64.tar.gz"
provenance = "cosign"

[tools.goreleaser."platforms.macos-arm64"]
checksum = "sha256:3507798489e107a78aff36b169de48148a335ac26eb3161608d905f3f3a957bd"
url = "https://github.com/goreleaser/goreleaser/releases/download/v2.14.3/goreleaser_Darwin_all.tar.gz"
provenance = "cosign"

[tools.goreleaser."platforms.macos-x64"]
checksum = "sha256:3507798489e107a78aff36b169de48148a335ac26eb3161608d905f3f3a957bd"
url = "https://github.com/goreleaser/goreleaser/releases/download/v2.14.3/goreleaser_Darwin_all.tar.gz"
provenance = "cosign"

[tools.goreleaser."platforms.windows-x64"]
checksum = "sha256:3deea8ff471aa258a2d99f3e5302971d7028647ae8ddaf103257a8113e485a31"
url = "https://github.com/goreleaser/goreleaser/releases/download/v2.14.3/goreleaser_Windows_x86_64.zip"
provenance = "cosign"

[[tools.just]]
version = "1.48.1"
backend = "aqua:casey/just"

[tools.just."platforms.linux-arm64"]
checksum = "sha256:3308721b991cf88cf2b9bbb3b31ac40550ec61a0c9b6fc011564e25e87964030"
url = "https://github.com/casey/just/releases/download/1.48.1/just-1.48.1-aarch64-unknown-linux-musl.tar.gz"

[tools.just."platforms.linux-arm64-musl"]
checksum = "sha256:3308721b991cf88cf2b9bbb3b31ac40550ec61a0c9b6fc011564e25e87964030"
url = "https://github.com/casey/just/releases/download/1.48.1/just-1.48.1-aarch64-unknown-linux-musl.tar.gz"

[tools.just."platforms.linux-x64"]
checksum = "sha256:9293e553ce401d1b524bf4e104918f72f268e3f9c6827e0055fe98d84a1b2522"
url = "https://github.com/casey/just/releases/download/1.48.1/just-1.48.1-x86_64-unknown-linux-musl.tar.gz"

[tools.just."platforms.linux-x64-musl"]
checksum = "sha256:9293e553ce401d1b524bf4e104918f72f268e3f9c6827e0055fe98d84a1b2522"
url = "https://github.com/casey/just/releases/download/1.48.1/just-1.48.1-x86_64-unknown-linux-musl.tar.gz"

[tools.just."platforms.macos-arm64"]
checksum = "sha256:03a73339ff55bcf7411a3c940cdcb0a726d98134b87203c83a9008575434e2a8"
url = "https://github.com/casey/just/releases/download/1.48.1/just-1.48.1-aarch64-apple-darwin.tar.gz"

[tools.just."platforms.macos-x64"]
checksum = "sha256:4c3e9c880b8fc93d7fc24abfde3c36b0cc59f6e9f8b31f7175095700f64125a7"
url = "https://github.com/casey/just/releases/download/1.48.1/just-1.48.1-x86_64-apple-darwin.tar.gz"

[tools.just."platforms.windows-x64"]
checksum = "sha256:368cd9ca827cba04d9e6fc00f7ad840773c4605b6f64b9f87bdb00325d351029"
url = "https://github.com/casey/just/releases/download/1.48.1/just-1.48.1-x86_64-pc-windows-msvc.zip"

[[tools."pipx:reuse"]]
version = "6.2.0"
backend = "pipx:reuse"

[[tools.sqlc]]
version = "1.30.0"
backend = "github:sqlc-dev/sqlc"

[tools.sqlc."platforms.linux-arm64"]
checksum = "sha256:dd9ab43b022ba3b3402054f99d7ae6e5efea33c949e869c3c66b214415e0c82d"
url = "https://github.com/sqlc-dev/sqlc/releases/download/v1.30.0/sqlc_1.30.0_linux_arm64.tar.gz"
url_api = "https://api.github.com/repos/sqlc-dev/sqlc/releases/assets/288589120"

[tools.sqlc."platforms.linux-arm64-musl"]
checksum = "sha256:dd9ab43b022ba3b3402054f99d7ae6e5efea33c949e869c3c66b214415e0c82d"
url = "https://github.com/sqlc-dev/sqlc/releases/download/v1.30.0/sqlc_1.30.0_linux_arm64.tar.gz"
url_api = "https://api.github.com/repos/sqlc-dev/sqlc/releases/assets/288589120"

[tools.sqlc."platforms.linux-x64"]
checksum = "sha256:468aecee071bfe55e97fcbcac52ea0208eeca444f67736f3b8f0f3d6a106132e"
url = "https://github.com/sqlc-dev/sqlc/releases/download/v1.30.0/sqlc_1.30.0_linux_amd64.tar.gz"
url_api = "https://api.github.com/repos/sqlc-dev/sqlc/releases/assets/288589112"

[tools.sqlc."platforms.linux-x64-musl"]
checksum = "sha256:468aecee071bfe55e97fcbcac52ea0208eeca444f67736f3b8f0f3d6a106132e"
url = "https://github.com/sqlc-dev/sqlc/releases/download/v1.30.0/sqlc_1.30.0_linux_amd64.tar.gz"
url_api = "https://api.github.com/repos/sqlc-dev/sqlc/releases/assets/288589112"

[tools.sqlc."platforms.macos-arm64"]
checksum = "sha256:ff18793b97715d08dde364446f43082a06da87b7797b9ec79ef2b31aeb0894e5"
url = "https://github.com/sqlc-dev/sqlc/releases/download/v1.30.0/sqlc_1.30.0_darwin_arm64.tar.gz"
url_api = "https://api.github.com/repos/sqlc-dev/sqlc/releases/assets/288589106"

[tools.sqlc."platforms.macos-x64"]
checksum = "sha256:eb065ca44f02a9500f8e51cb63594a6bbd2486af04d18c0f81efadf7eadf5e29"
url = "https://github.com/sqlc-dev/sqlc/releases/download/v1.30.0/sqlc_1.30.0_darwin_amd64.tar.gz"
url_api = "https://api.github.com/repos/sqlc-dev/sqlc/releases/assets/288589097"

[tools.sqlc."platforms.windows-x64"]
checksum = "sha256:1f18956ac8b38740420d5ab275df3425ee62e154310aee2dc42d5457181a2c06"
url = "https://github.com/sqlc-dev/sqlc/releases/download/v1.30.0/sqlc_1.30.0_windows_amd64.zip"
url_api = "https://api.github.com/repos/sqlc-dev/sqlc/releases/assets/288589288"

[[tools.taplo]]
version = "0.10.0"
backend = "aqua:tamasfe/taplo"

[tools.taplo."platforms.linux-arm64"]
checksum = "blake3:7f7a3ddaa5acf0bc243fc1134dc68a94a39b2bef91000f7866dd90e4bd670b5e"
url = "https://github.com/tamasfe/taplo/releases/download/0.10.0/taplo-linux-aarch64.gz"

[tools.taplo."platforms.linux-arm64-musl"]
url = "https://github.com/tamasfe/taplo/releases/download/0.10.0/taplo-linux-aarch64.gz"

[tools.taplo."platforms.linux-x64"]
url = "https://github.com/tamasfe/taplo/releases/download/0.10.0/taplo-linux-x86_64.gz"

[tools.taplo."platforms.linux-x64-musl"]
url = "https://github.com/tamasfe/taplo/releases/download/0.10.0/taplo-linux-x86_64.gz"

[tools.taplo."platforms.macos-arm64"]
url = "https://github.com/tamasfe/taplo/releases/download/0.10.0/taplo-darwin-aarch64.gz"

[tools.taplo."platforms.macos-x64"]
url = "https://github.com/tamasfe/taplo/releases/download/0.10.0/taplo-darwin-x86_64.gz"

[tools.taplo."platforms.windows-x64"]
url = "https://github.com/tamasfe/taplo/releases/download/0.10.0/taplo-windows-x86_64.zip"

[[tools.task]]
version = "3.49.1"
backend = "aqua:go-task/task"

[tools.task."platforms.linux-arm64"]
checksum = "sha256:aa6732c9c66397c5380ec2b60c070fd599075b2a8538dba03f3a21edc99ab0cb"
url = "https://github.com/go-task/task/releases/download/v3.49.1/task_linux_arm64.tar.gz"

[tools.task."platforms.linux-arm64-musl"]
checksum = "sha256:aa6732c9c66397c5380ec2b60c070fd599075b2a8538dba03f3a21edc99ab0cb"
url = "https://github.com/go-task/task/releases/download/v3.49.1/task_linux_arm64.tar.gz"

[tools.task."platforms.linux-x64"]
checksum = "sha256:4e7d24f1bf38218aec8f244eb7ba671f898830f9f87b3c9b30ff1c09e3135576"
url = "https://github.com/go-task/task/releases/download/v3.49.1/task_linux_amd64.tar.gz"

[tools.task."platforms.linux-x64-musl"]
checksum = "sha256:4e7d24f1bf38218aec8f244eb7ba671f898830f9f87b3c9b30ff1c09e3135576"
url = "https://github.com/go-task/task/releases/download/v3.49.1/task_linux_amd64.tar.gz"

[tools.task."platforms.macos-arm64"]
checksum = "sha256:0f556b66df69d53b790c7fd26bfab73543b4a5ce1767df6b2e8499619e2a205b"
url = "https://github.com/go-task/task/releases/download/v3.49.1/task_darwin_arm64.tar.gz"

[tools.task."platforms.macos-x64"]
checksum = "sha256:8bc4dd3baed1c71956ade0bb0a9c1b94e3ed7b65e7f2ff3aab13d0562c820e59"
url = "https://github.com/go-task/task/releases/download/v3.49.1/task_darwin_amd64.tar.gz"

[tools.task."platforms.windows-x64"]
checksum = "sha256:725c551f699d4d6c0dc57bd8148f72bef8d5b2fb650d9c985f271a61522fd521"
url = "https://github.com/go-task/task/releases/download/v3.49.1/task_windows_amd64.zip"
